
Microsoft Visual Studio Solution File, Format Version 12.00
# Visual Studio Version 17
VisualStudioVersion = 17.8.34330.188
MinimumVisualStudioVersion = 10.0.40219.1
Project("{FAE04EC0-301F-11D3-BF4B-00C04F79EFBC}") = "Examen", "Examen\Examen.csproj", "{BFF84B15-1666-452D-905B-E003453A490F}"
EndProject
Global
	GlobalSection(SolutionConfigurationPlatforms) = preSolution
		Debug|Any CPU = Debug|Any CPU
		Release|Any CPU = Release|Any CPU
	EndGlobalSection
	GlobalSection(ProjectConfigurationPlatforms) = postSolution
		{BFF84B15-1666-452D-905B-E003453A490F}.Debug|Any CPU.ActiveCfg = Debug|Any CPU
		{BFF84B15-1666-452D-905B-E003453A490F}.Debug|Any CPU.Build.0 = Debug|Any CPU
		{BFF84B15-1666-452D-905B-E003453A490F}.Release|Any CPU.ActiveCfg = Release|Any CPU
		{BFF84B15-1666-452D-905B-E003453A490F}.Release|Any CPU.Build.0 = Release|Any CPU
	EndGlobalSection
	GlobalSection(SolutionProperties) = preSolution
		HideSolutionNode = FALSE
	EndGlobalSection
	GlobalSection(ExtensibilityGlobals) = postSolution
		SolutionGuid = {DBC6D635-1120-4480-9B89-330F448FC5E4}
	EndGlobalSection
EndGlobal
